# THIS IS AN AUTOGENERATED FILE. DO NOT EDIT THIS FILE DIRECTLY.
# yarn lockfile v1


binpack@~0:
  version "0.1.0"
  resolved "https://registry.yarnpkg.com/binpack/-/binpack-0.1.0.tgz#bd3d0974c3f2a0446e17df4f60b55a72a205a97e"

jspack@0.0.4:
  version "0.0.4"
  resolved "https://registry.yarnpkg.com/jspack/-/jspack-0.0.4.tgz#32dd35c7fdcb3e3456c18fbb7ef9ed0bc6238177"

node-osc@^2.1.0:
  version "2.1.0"
  resolved "https://registry.yarnpkg.com/node-osc/-/node-osc-2.1.0.tgz#db714f98cf9a5c8435ee99dc7806528b7823a190"
  dependencies:
    jspack "0.0.4"
    osc-min "^1.1.1"
    semver "^5.1.0"

osc-min@^1.1.1:
  version "1.1.1"
  resolved "https://registry.yarnpkg.com/osc-min/-/osc-min-1.1.1.tgz#8580443a3abb02f73254f5a286340dcbe3cf3f07"
  dependencies:
    binpack "~0"

semver@^5.1.0:
  version "5.3.0"
  resolved "https://registry.yarnpkg.com/semver/-/semver-5.3.0.tgz#9b2ce5d3de02d17c6012ad326aa6b4d0cf54f94f"
